// !$*UTF8*$!
{
	archiveVersion = 1;
	classes = {
	};
	objectVersion = 46;
	objects = {

/* Begin PBXBuildFile section */
		4F5819641C74BF1A0011456C /* AppDelegate.swift in Sources */ = {isa = PBXBuildFile; fileRef = 4F5819631C74BF1A0011456C /* AppDelegate.swift */; };
		4F5819661C74BF1A0011456C /* ViewController.swift in Sources */ = {isa = PBXBuildFile; fileRef = 4F5819651C74BF1A0011456C /* ViewController.swift */; };
		4F5819691C74BF1A0011456C /* Main.storyboard in Resources */ = {isa = PBXBuildFile; fileRef = 4F5819671C74BF1A0011456C /* Main.storyboard */; };
		4F58196B1C74BF1A0011456C /* Assets.xcassets in Resources */ = {isa = PBXBuildFile; fileRef = 4F58196A1C74BF1A0011456C /* Assets.xcassets */; };
		4F58196E1C74BF1A0011456C /* LaunchScreen.storyboard in Resources */ = {isa = PBXBuildFile; fileRef = 4F58196C1C74BF1A0011456C /* LaunchScreen.storyboard */; };
		4F5819791C74BF1A0011456C /* ReminderAppTests.swift in Sources */ = {isa = PBXBuildFile; fileRef = 4F5819781C74BF1A0011456C /* ReminderAppTests.swift */; };
/* End PBXBuildFile section */

/* Begin PBXContainerItemProxy section */
		4F5819751C74BF1A0011456C /* PBXContainerItemProxy */ = {
			isa = PBXContainerItemProxy;
			containerPortal = 4F5819581C74BF190011456C /* Project object */;
			proxyType = 1;
			remoteGlobalIDString = 4F58195F1C74BF1A0011456C;
			remoteInfo = ReminderApp;
		};
/* End PBXContainerItemProxy section */

/* Begin PBXFileReference section */
		4F5819601C74BF1A0011456C /* ReminderApp.app */ = {isa = PBXFileReference; explicitFileType = wrapper.application; includeInIndex = 0; path = ReminderApp.app; sourceTree = BUILT_PRODUCTS_DIR; };
		4F5819631C74BF1A0011456C /* AppDelegate.swift */ = {isa = PBXFileReference; lastKnownFileType = sourcecode.swift; path = AppDelegate.swift; sourceTree = "<group>"; };
		4F5819651C74BF1A0011456C /* ViewController.swift */ = {isa = PBXFileReference; lastKnownFileType = sourcecode.swift; path = ViewController.swift; sourceTree = "<group>"; };
		4F5819681C74BF1A0011456C /* Base */ = {isa = PBXFileReference; lastKnownFileType = file.storyboard; name = Base; path = Base.lproj/Main.storyboard; sourceTree = "<group>"; };
		4F58196A1C74BF1A0011456C /* Assets.xcassets */ = {isa = PBXFileReference; lastKnownFileType = folder.assetcatalog; path = Assets.xcassets; sourceTree = "<group>"; };
		4F58196D1C74BF1A0011456C /* Base */ = {isa = PBXFileReference; lastKnownFileType = file.storyboard; name = Base; path = Base.lproj/LaunchScreen.storyboard; sourceTree = "<group>"; };
		4F58196F1C74BF1A0011456C /* Info.plist */ = {isa = PBXFileReference; lastKnownFileType = text.plist.xml; path = Info.plist; sourceTree = "<group>"; };
		4F5819741C74BF1A0011456C /* ReminderAppTests.xctest */ = {isa = PBXFileReference; explicitFileType = wrapper.cfbundle; includeInIndex = 0; path = ReminderAppTests.xctest; sourceTree = BUILT_PRODUCTS_DIR; };
		4F5819781C74BF1A0011456C /* ReminderAppTests.swift */ = {isa = PBXFileReference; lastKnownFileType = sourcecode.swift; path = ReminderAppTests.swift; sourceTree = "<group>"; };
		4F58197A1C74BF1A0011456C /* Info.plist */ = {isa = PBXFileReference; lastKnownFileType = text.plist.xml; path = Info.plist; sourceTree = "<group>"; };
/* End PBXFileReference section */

/* Begin PBXFrameworksBuildPhase section */
		4F58195D1C74BF1A0011456C /* Frameworks */ = {
			isa = PBXFrameworksBuildPhase;
			buildActionMask = 2147483647;
			files = (
			);
			runOnlyForDeploymentPostprocessing = 0;
		};
		4F5819711C74BF1A0011456C /* Frameworks */ = {
			isa = PBXFrameworksBuildPhase;
			buildActionMask = 2147483647;
			files = (
			);
			runOnlyForDeploymentPostprocessing = 0;
		};
/* End PBXFrameworksBuildPhase section */

/* Begin PBXGroup section */
		4F5819571C74BF190011456C = {
			isa = PBXGroup;
			children = (
				4F5819621C74BF1A0011456C /* ReminderApp */,
				4F5819771C74BF1A0011456C /* ReminderAppTests */,
				4F5819611C74BF1A0011456C /* Products */,
			);
			sourceTree = "<group>";
		};
		4F5819611C74BF1A0011456C /* Products */ = {
			isa = PBXGroup;
			children = (
				4F5819601C74BF1A0011456C /* ReminderApp.app */,
				4F5819741C74BF1A0011456C /* ReminderAppTests.xctest */,
			);
			name = Products;
			sourceTree = "<group>";
		};
		4F5819621C74BF1A0011456C /* ReminderApp */ = {
			isa = PBXGroup;
			children = (
				4F5819631C74BF1A0011456C /* AppDelegate.swift */,
				4F5819651C74BF1A0011456C /* ViewController.swift */,
				4F5819671C74BF1A0011456C /* Main.storyboard */,
				4F58196A1C74BF1A0011456C /* Assets.xcassets */,
				4F58196C1C74BF1A0011456C /* LaunchScreen.storyboard */,
				4F58196F1C74BF1A0011456C /* Info.plist */,
			);
			path = ReminderApp;
			sourceTree = "<group>";
		};
		4F5819771C74BF1A0011456C /* ReminderAppTests */ = {
			isa = PBXGroup;
			children = (
				4F5819781C74BF1A0011456C /* ReminderAppTests.swift */,
				4F58197A1C74BF1A0011456C /* Info.plist */,
			);
			path = ReminderAppTests;
			sourceTree = "<group>";
		};
/* End PBXGroup section */

/* Begin PBXNativeTarget section */
		4F58195F1C74BF1A0011456C /* ReminderApp */ = {
			isa = PBXNativeTarget;
			buildConfigurationList = 4F58197D1C74BF1A0011456C /* Build configuration list for PBXNativeTarget "ReminderApp" */;
			buildPhases = (
				4F58195C1C74BF1A0011456C /* Sources */,
				4F58195D1C74BF1A0011456C /* Frameworks */,
				4F58195E1C74BF1A0011456C /* Resources */,
			);
			buildRules = (
			);
			dependencies = (
			);
			name = ReminderApp;
			productName = ReminderApp;
			productReference = 4F5819601C74BF1A0011456C /* ReminderApp.app */;
			productType = "com.apple.product-type.application";
		};
		4F5819731C74BF1A0011456C /* ReminderAppTests */ = {
			isa = PBXNativeTarget;
			buildConfigurationList = 4F5819801C74BF1A0011456C /* Build configuration list for PBXNativeTarget "ReminderAppTests" */;
			buildPhases = (
				4F5819701C74BF1A0011456C /* Sources */,
				4F5819711C74BF1A0011456C /* Frameworks */,
				4F5819721C74BF1A0011456C /* Resources */,
			);
			buildRules = (
			);
			dependencies = (
				4F5819761C74BF1A0011456C /* PBXTargetDependency */,
			);
			name = ReminderAppTests;
			productName = ReminderAppTests;
			productReference = 4F5819741C74BF1A0011456C /* ReminderAppTests.xctest */;
			productType = "com.apple.product-type.bundle.unit-test";
		};
/* End PBXNativeTarget section */

/* Begin PBXProject section */
		4F5819581C74BF190011456C /* Project object */ = {
			isa = PBXProject;
			attributes = {
				LastSwiftUpdateCheck = 0720;
				LastUpgradeCheck = 0720;
				ORGANIZATIONNAME = "Jacqueline Kouri";
				TargetAttributes = {
					4F58195F1C74BF1A0011456C = {
						CreatedOnToolsVersion = 7.2.1;
					};
					4F5819731C74BF1A0011456C = {
						CreatedOnToolsVersion = 7.2.1;
						TestTargetID = 4F58195F1C74BF1A0011456C;
					};
				};
			};
			buildConfigurationList = 4F58195B1C74BF1A0011456C /* Build configuration list for PBXProject "ReminderApp" */;
			compatibilityVersion = "Xcode 3.2";
			developmentRegion = English;
			hasScannedForEncodings = 0;
			knownRegions = (
				en,
				Base,
			);
			mainGroup = 4F5819571C74BF190011456C;
			productRefGroup = 4F5819611C74BF1A0011456C /* Products */;
			projectDirPath = "";
			projectRoot = "";
			targets = (
				4F58195F1C74BF1A0011456C /* ReminderApp */,
				4F5819731C74BF1A0011456C /* ReminderAppTests */,
			);
		};
/* End PBXProject section */

/* Begin PBXResourcesBuildPhase section */
		4F58195E1C74BF1A0011456C /* Resources */ = {
			isa = PBXResourcesBuildPhase;
			buildActionMask = 2147483647;
			files = (
				4F58196E1C74BF1A0011456C /* LaunchScreen.storyboard in Resources */,
				4F58196B1C74BF1A0011456C /* Assets.xcassets in Resources */,
				4F5819691C74BF1A0011456C /* Main.storyboard in Resources */,
			);
			runOnlyForDeploymentPostprocessing = 0;
		};
		4F5819721C74BF1A0011456C /* Resources */ = {
			isa = PBXResourcesBuildPhase;
			buildActionMask = 2147483647;
			files = (
			);
			runOnlyForDeploymentPostprocessing = 0;
		};
/* End PBXResourcesBuildPhase section */

/* Begin PBXSourcesBuildPhase section */
		4F58195C1C74BF1A0011456C /* Sources */ = {
			isa = PBXSourcesBuildPhase;
			buildActionMask = 2147483647;
			files = (
				4F5819661C74BF1A0011456C /* ViewController.swift in Sources */,
				4F5819641C74BF1A0011456C /* AppDelegate.swift in Sources */,
			);
			runOnlyForDeploymentPostprocessing = 0;
		};
		4F5819701C74BF1A0011456C /* Sources */ = {
			isa = PBXSourcesBuildPhase;
			buildActionMask = 2147483647;
			files = (
				4F5819791C74BF1A0011456C /* ReminderAppTests.swift in Sources */,
			);
			runOnlyForDeploymentPostprocessing = 0;
		};
/* End PBXSourcesBuildPhase section */

/* Begin PBXTargetDependency section */
		4F5819761C74BF1A0011456C /* PBXTargetDependency */ = {
			isa = PBXTargetDependency;
			target = 4F58195F1C74BF1A0011456C /* ReminderApp */;
			targetProxy = 4F5819751C74BF1A0011456C /* PBXContainerItemProxy */;
		};
/* End PBXTargetDependency section */

/* Begin PBXVariantGroup section */
		4F5819671C74BF1A0011456C /* Main.storyboard */ = {
			isa = PBXVariantGroup;
			children = (
				4F5819681C74BF1A0011456C /* Base */,
			);
			name = Main.storyboard;
			sourceTree = "<group>";
		};
		4F58196C1C74BF1A0011456C /* LaunchScreen.storyboard */ = {
			isa = PBXVariantGroup;
			children = (
				4F58196D1C74BF1A0011456C /* Base */,
			);
			name = LaunchScreen.storyboard;
			sourceTree = "<group>";
		};
/* End PBXVariantGroup section */

/* Begin XCBuildConfiguration section */
		4F58197B1C74BF1A0011456C /* Debug */ = {
			isa = XCBuildConfiguration;
			buildSettings = {
				ALWAYS_SEARCH_USER_PATHS = NO;
				CLANG_CXX_LANGUAGE_STANDARD = "gnu++0x";
				CLANG_CXX_LIBRARY = "libc++";
				CLANG_ENABLE_MODULES = YES;
				CLANG_ENABLE_OBJC_ARC = YES;
				CLANG_WARN_BOOL_CONVERSION = YES;
				CLANG_WARN_CONSTANT_CONVERSION = YES;
				CLANG_WARN_DIRECT_OBJC_ISA_USAGE = YES_ERROR;
				CLANG_WARN_EMPTY_BODY = YES;
				CLANG_WARN_ENUM_CONVERSION = YES;
				CLANG_WARN_INT_CONVERSION = YES;
				CLANG_WARN_OBJC_ROOT_CLASS = YES_ERROR;
				CLANG_WARN_UNREACHABLE_CODE = YES;
				CLANG_WARN__DUPLICATE_METHOD_MATCH = YES;
				"CODE_SIGN_IDENTITY[sdk=iphoneos*]" = "iPhone Developer";
				COPY_PHASE_STRIP = NO;
				DEBUG_INFORMATION_FORMAT = dwarf;
				ENABLE_STRICT_OBJC_MSGSEND = YES;
				ENABLE_TESTABILITY = YES;
				GCC_C_LANGUAGE_STANDARD = gnu99;
				GCC_DYNAMIC_NO_PIC = NO;
				GCC_NO_COMMON_BLOCKS = YES;
				GCC_OPTIMIZATION_LEVEL = 0;
				GCC_PREPROCESSOR_DEFINITIONS = (
					"DEBUG=1",
					"$(inherited)",
				);
				GCC_WARN_64_TO_32_BIT_CONVERSION = YES;
				GCC_WARN_ABOUT_RETURN_TYPE = YES_ERROR;
				GCC_WARN_UNDECLARED_SELECTOR = YES;
				GCC_WARN_UNINITIALIZED_AUTOS = YES_AGGRESSIVE;
				GCC_WARN_UNUSED_FUNCTION = YES;
				GCC_WARN_UNUSED_VARIABLE = YES;
				IPHONEOS_DEPLOYMENT_TARGET = 9.2;
				MTL_ENABLE_DEBUG_INFO = YES;
				ONLY_ACTIVE_ARCH = YES;
				SDKROOT = iphoneos;
				SWIFT_OPTIMIZATION_LEVEL = "-Onone";
				TARGETED_DEVICE_FAMILY = "1,2";
			};
			name = Debug;
		};
		4F58197C1C74BF1A0011456C /* Release */ = {
			isa = XCBuildConfiguration;
			buildSettings = {
				ALWAYS_SEARCH_USER_PATHS = NO;
				CLANG_CXX_LANGUAGE_STANDARD = "gnu++0x";
				CLANG_CXX_LIBRARY = "libc++";
				CLANG_ENABLE_MODULES = YES;
				CLANG_ENABLE_OBJC_ARC = YES;
				CLANG_WARN_BOOL_CONVERSION = YES;
				CLANG_WARN_CONSTANT_CONVERSION = YES;
				CLANG_WARN_DIRECT_OBJC_ISA_USAGE = YES_ERROR;
				CLANG_WARN_EMPTY_BODY = YES;
				CLANG_WARN_ENUM_CONVERSION = YES;
				CLANG_WARN_INT_CONVERSION = YES;
				CLANG_WARN_OBJC_ROOT_CLASS = YES_ERROR;
				CLANG_WARN_UNREACHABLE_CODE = YES;
				CLANG_WARN__DUPLICATE_METHOD_MATCH = YES;
				"CODE_SIGN_IDENTITY[sdk=iphoneos*]" = "iPhone Developer";
				COPY_PHASE_STRIP = NO;
				DEBUG_INFORMATION_FORMAT = "dwarf-with-dsym";
				ENABLE_NS_ASSERTIONS = NO;
				ENABLE_STRICT_OBJC_MSGSEND = YES;
				GCC_C_LANGUAGE_STANDARD = gnu99;
				GCC_NO_COMMON_BLOCKS = YES;
				GCC_WARN_64_TO_32_BIT_CONVERSION = YES;
				GCC_WARN_ABOUT_RETURN_TYPE = YES_ERROR;
				GCC_WARN_UNDECLARED_SELECTOR = YES;
				GCC_WARN_UNINITIALIZED_AUTOS = YES_AGGRESSIVE;
				GCC_WARN_UNUSED_FUNCTION = YES;
				GCC_WARN_UNUSED_VARIABLE = YES;
				IPHONEOS_DEPLOYMENT_TARGET = 9.2;
				MTL_ENABLE_DEBUG_INFO = NO;
				SDKROOT = iphoneos;
				TARGETED_DEVICE_FAMILY = "1,2";
				VALIDATE_PRODUCT = YES;
			};
			name = Release;
		};
		4F58197E1C74BF1A0011456C /* Debug */ = {
			isa = XCBuildConfiguration;
			buildSettings = {
				ASSETCATALOG_COMPILER_APPICON_NAME = AppIcon;
				INFOPLIST_FILE = ReminderApp/Info.plist;
				LD_RUNPATH_SEARCH_PATHS = "$(inherited) @executable_path/Frameworks";
				PRODUCT_BUNDLE_IDENTIFIER = com.virginia.edu.ReminderApp;
				PRODUCT_NAME = "$(TARGET_NAME)";
			};
			name = Debug;
		};
		4F58197F1C74BF1A0011456C /* Release */ = {
			isa = XCBuildConfiguration;
			buildSettings = {
				ASSETCATALOG_COMPILER_APPICON_NAME = AppIcon;
				INFOPLIST_FILE = ReminderApp/Info.plist;
				LD_RUNPATH_SEARCH_PATHS = "$(inherited) @executable_path/Frameworks";
				PRODUCT_BUNDLE_IDENTIFIER = com.virginia.edu.ReminderApp;
				PRODUCT_NAME = "$(TARGET_NAME)";
			};
			name = Release;
		};
		4F5819811C74BF1A0011456C /* Debug */ = {
			isa = XCBuildConfiguration;
			buildSettings = {
				BUNDLE_LOADER = "$(TEST_HOST)";
				INFOPLIST_FILE = ReminderAppTests/Info.plist;
				LD_RUNPATH_SEARCH_PATHS = "$(inherited) @executable_path/Frameworks @loader_path/Frameworks";
				PRODUCT_BUNDLE_IDENTIFIER = com.virginia.edu.ReminderAppTests;
				PRODUCT_NAME = "$(TARGET_NAME)";
				TEST_HOST = "$(BUILT_PRODUCTS_DIR)/ReminderApp.app/ReminderApp";
			};
			name = Debug;
		};
		4F5819821C74BF1A0011456C /* Release */ = {
			isa = XCBuildConfiguration;
			buildSettings = {
				BUNDLE_LOADER = "$(TEST_HOST)";
				INFOPLIST_FILE = ReminderAppTests/Info.plist;
				LD_RUNPATH_SEARCH_PATHS = "$(inherited) @executable_path/Frameworks @loader_path/Frameworks";
				PRODUCT_BUNDLE_IDENTIFIER = com.virginia.edu.ReminderAppTests;
				PRODUCT_NAME = "$(TARGET_NAME)";
				TEST_HOST = "$(BUILT_PRODUCTS_DIR)/ReminderApp.app/ReminderApp";
			};
			name = Release;
		};
/* End XCBuildConfiguration section */

/* Begin XCConfigurationList section */
		4F58195B1C74BF1A0011456C /* Build configuration list for PBXProject "ReminderApp" */ = {
			isa = XCConfigurationList;
			buildConfigurations = (
				4F58197B1C74BF1A0011456C /* Debug */,
				4F58197C1C74BF1A0011456C /* Release */,
			);
			defaultConfigurationIsVisible = 0;
			defaultConfigurationName = Release;
		};
		4F58197D1C74BF1A0011456C /* Build configuration list for PBXNativeTarget "ReminderApp" */ = {
			isa = XCConfigurationList;
			buildConfigurations = (
				4F58197E1C74BF1A0011456C /* Debug */,
				4F58197F1C74BF1A0011456C /* Release */,
			);
			defaultConfigurationIsVisible = 0;
		};
		4F5819801C74BF1A0011456C /* Build configuration list for PBXNativeTarget "ReminderAppTests" */ = {
			isa = XCConfigurationList;
			buildConfigurations = (
				4F5819811C74BF1A0011456C /* Debug */,
				4F5819821C74BF1A0011456C /* Release */,
			);
			defaultConfigurationIsVisible = 0;
		};
/* End XCConfigurationList section */
	};
	rootObject = 4F5819581C74BF190011456C /* Project object */;
}
